cyberok.gitlab.yandexcloud.net/cok/tools/regexp2 v1.13.0 h1:j/sA5pWBN82ye9ssUHimmsL0as2oogK8KGA1behCwNg=
cyberok.gitlab.yandexcloud.net/cok/tools/regexp2 v1.13.0/go.mod h1:jBDxlNjQJR0j7m2FWcIUXwK778s7m2QxspirPbst6kU=
github.com/dlclark/regexp2 v1.11.0 h1:G/nrcoOa7ZXlpoa/91N3X7mM3r8eIlMBBJZvsz/mxKI=
github.com/dlclark/regexp2 v1.11.0/go.mod h1:DHkYz0B9wPfa6wondMfaivmHpzrQ3v9q8cnmRbL6yW8=
